
Microsoft Visual Studio Solution File, Format Version 12.00
# Visual Studio 15
VisualStudioVersion = 15.0.28307.329
MinimumVisualStudioVersion = 10.0.40219.1
Project("{FAE04EC0-301F-11D3-BF4B-00C04F79EFBC}") = "BubbleSort", "BubbleSort\BubbleSort.csproj", "{194F839F-9970-4E35-9990-BBE53BC773ED}"
EndProject
Global
	GlobalSection(SolutionConfigurationPlatforms) = preSolution
		Debug|Any CPU = Debug|Any CPU
		Release|Any CPU = Release|Any CPU
	EndGlobalSection
	GlobalSection(ProjectConfigurationPlatforms) = postSolution
		{194F839F-9970-4E35-9990-BBE53BC773ED}.Debug|Any CPU.ActiveCfg = Debug|Any CPU
		{194F839F-9970-4E35-9990-BBE53BC773ED}.Debug|Any CPU.Build.0 = Debug|Any CPU
		{194F839F-9970-4E35-9990-BBE53BC773ED}.Release|Any CPU.ActiveCfg = Release|Any CPU
		{194F839F-9970-4E35-9990-BBE53BC773ED}.Release|Any CPU.Build.0 = Release|Any CPU
	EndGlobalSection
	GlobalSection(SolutionProperties) = preSolution
		HideSolutionNode = FALSE
	EndGlobalSection
	GlobalSection(ExtensibilityGlobals) = postSolution
		SolutionGuid = {DB7A42D7-5767-479C-87EA-4064400AD912}
	EndGlobalSection
EndGlobal
